schema: '2.0'
stages:
  data_validation:
    cmd: python mlflow_tracking/validate_data.py
    deps:
    - path: data/raw
      hash: md5
      md5: 46ae45bf8b75166de423381db7699bb2.dir
      size: 406099737
      nfiles: 13500
    - path: mlflow_tracking/validate_data.py
      hash: md5
      md5: b0cfb6c43e886efafed4e73df4a0dd7c
      size: 3202
    outs:
    - path: data/validation_report.json
      hash: md5
      md5: 52d664301ddaf1ca438ab59581ff721b
      size: 505
  train:
    cmd: python mlflow_tracking/train_with_mlflow.py
    deps:
    - path: app/config.py
      hash: md5
      md5: 7ecf95cb9a84fc58272d54b67fb65de8
      size: 3654
    - path: data/raw
      hash: md5
      md5: 46ae45bf8b75166de423381db7699bb2.dir
      size: 406099737
      nfiles: 13500
    - path: mlflow_tracking/train_with_mlflow.py
      hash: md5
      md5: 75a3d19c94761bf40e9518f20124b78c
      size: 10887
    - path: params.yaml
      hash: md5
      md5: 1c95d90e9a474ff70483817cdf94c2e8
      size: 520
    outs:
    - path: data/metrics.json
      hash: md5
      md5: 33304e941151c3194889351c01619db9
      size: 213
    - path: models/trained/best_nano.pt
      hash: md5
      md5: b48ee591f8fbca6b4a6d2f5e07d1f3d4
      size: 5473754
  evaluate:
    cmd: python evaluate.py
    deps:
    - path: data/raw
      hash: md5
      md5: 46ae45bf8b75166de423381db7699bb2.dir
      size: 406099737
      nfiles: 13500
    - path: evaluate.py
      hash: md5
      md5: 1631b38255b3c87eed2b20cfc337ecf3
      size: 6453
    - path: models/trained/best_nano.pt
      hash: md5
      md5: b48ee591f8fbca6b4a6d2f5e07d1f3d4
      size: 5473754
    outs:
    - path: data/eval_metrics.json
      hash: md5
      md5: 8ca53de5f3620f6e4c49e69e0e852908
      size: 396
  export:
    cmd: python export_onnx.py
    deps:
    - path: export_onnx.py
      hash: md5
      md5: 2287f70a1ab8f7a941bce248ee1518f4
      size: 2547
    - path: models/trained/best_nano.pt
      hash: md5
      md5: b48ee591f8fbca6b4a6d2f5e07d1f3d4
      size: 5473754
    outs:
    - path: models/deployed/best_nano.onnx
      hash: md5
      md5: ad4883fcb79fb5d7998716effed3ec26
      size: 10607265
